
Microsoft Visual Studio Solution File, Format Version 12.00
# Visual Studio Version 17
VisualStudioVersion = 17.5.33530.505
MinimumVisualStudioVersion = 10.0.40219.1
Project("{FAE04EC0-301F-11D3-BF4B-00C04F79EFBC}") = "ExAbstractMethodsShape", "ExAbstractMethodsShape\ExAbstractMethodsShape.csproj", "{AE0A844C-9C66-4EC1-A43D-907179DB290C}"
EndProject
Global
	GlobalSection(SolutionConfigurationPlatforms) = preSolution
		Debug|Any CPU = Debug|Any CPU
		Release|Any CPU = Release|Any CPU
	EndGlobalSection
	GlobalSection(ProjectConfigurationPlatforms) = postSolution
		{AE0A844C-9C66-4EC1-A43D-907179DB290C}.Debug|Any CPU.ActiveCfg = Debug|Any CPU
		{AE0A844C-9C66-4EC1-A43D-907179DB290C}.Debug|Any CPU.Build.0 = Debug|Any CPU
		{AE0A844C-9C66-4EC1-A43D-907179DB290C}.Release|Any CPU.ActiveCfg = Release|Any CPU
		{AE0A844C-9C66-4EC1-A43D-907179DB290C}.Release|Any CPU.Build.0 = Release|Any CPU
	EndGlobalSection
	GlobalSection(SolutionProperties) = preSolution
		HideSolutionNode = FALSE
	EndGlobalSection
	GlobalSection(ExtensibilityGlobals) = postSolution
		SolutionGuid = {5884F0D9-1666-46DB-93E5-EB51F902D6E0}
	EndGlobalSection
EndGlobal
